
Microsoft Visual Studio Solution File, Format Version 12.00
# Visual Studio Version 16
VisualStudioVersion = 16.0.31424.327
MinimumVisualStudioVersion = 10.0.40219.1
Project("{9A19103F-16F7-4668-BE54-9A1E7A4F7556}") = "Biblioteca", "Biblioteca\Biblioteca.csproj", "{2080B780-37D5-4387-9314-2BD780C82067}"
EndProject
Project("{9A19103F-16F7-4668-BE54-9A1E7A4F7556}") = "TestCalculadora", "TestCalculadoraString\TestCalculadora.csproj", "{EA31938A-9F4B-4BE4-BC7D-F76E159C486F}"
EndProject
Global
	GlobalSection(SolutionConfigurationPlatforms) = preSolution
		Debug|Any CPU = Debug|Any CPU
		Release|Any CPU = Release|Any CPU
	EndGlobalSection
	GlobalSection(ProjectConfigurationPlatforms) = postSolution
		{2080B780-37D5-4387-9314-2BD780C82067}.Debug|Any CPU.ActiveCfg = Debug|Any CPU
		{2080B780-37D5-4387-9314-2BD780C82067}.Debug|Any CPU.Build.0 = Debug|Any CPU
		{2080B780-37D5-4387-9314-2BD780C82067}.Release|Any CPU.ActiveCfg = Release|Any CPU
		{2080B780-37D5-4387-9314-2BD780C82067}.Release|Any CPU.Build.0 = Release|Any CPU
		{EA31938A-9F4B-4BE4-BC7D-F76E159C486F}.Debug|Any CPU.ActiveCfg = Debug|Any CPU
		{EA31938A-9F4B-4BE4-BC7D-F76E159C486F}.Debug|Any CPU.Build.0 = Debug|Any CPU
		{EA31938A-9F4B-4BE4-BC7D-F76E159C486F}.Release|Any CPU.ActiveCfg = Release|Any CPU
		{EA31938A-9F4B-4BE4-BC7D-F76E159C486F}.Release|Any CPU.Build.0 = Release|Any CPU
	EndGlobalSection
	GlobalSection(SolutionProperties) = preSolution
		HideSolutionNode = FALSE
	EndGlobalSection
	GlobalSection(ExtensibilityGlobals) = postSolution
		SolutionGuid = {231B19B3-96FD-447B-98EF-A39583E85643}
	EndGlobalSection
EndGlobal
