
Microsoft Visual Studio Solution File, Format Version 12.00
# Visual Studio Version 16
VisualStudioVersion = 16.0.31729.503
MinimumVisualStudioVersion = 10.0.40219.1
Project("{FAE04EC0-301F-11D3-BF4B-00C04F79EFBC}") = "Biblioteca", "Biblioteca\Biblioteca.csproj", "{B443B503-81FF-4B33-AA68-DCE3254D34EF}"
EndProject
Project("{FAE04EC0-301F-11D3-BF4B-00C04F79EFBC}") = "Vista", "Vista\Vista.csproj", "{04278E1A-66BA-4B18-84F4-95A2DCE682FC}"
EndProject
Global
	GlobalSection(SolutionConfigurationPlatforms) = preSolution
		Debug|Any CPU = Debug|Any CPU
		Release|Any CPU = Release|Any CPU
	EndGlobalSection
	GlobalSection(ProjectConfigurationPlatforms) = postSolution
		{B443B503-81FF-4B33-AA68-DCE3254D34EF}.Debug|Any CPU.ActiveCfg = Debug|Any CPU
		{B443B503-81FF-4B33-AA68-DCE3254D34EF}.Debug|Any CPU.Build.0 = Debug|Any CPU
		{B443B503-81FF-4B33-AA68-DCE3254D34EF}.Release|Any CPU.ActiveCfg = Release|Any CPU
		{B443B503-81FF-4B33-AA68-DCE3254D34EF}.Release|Any CPU.Build.0 = Release|Any CPU
		{04278E1A-66BA-4B18-84F4-95A2DCE682FC}.Debug|Any CPU.ActiveCfg = Debug|Any CPU
		{04278E1A-66BA-4B18-84F4-95A2DCE682FC}.Debug|Any CPU.Build.0 = Debug|Any CPU
		{04278E1A-66BA-4B18-84F4-95A2DCE682FC}.Release|Any CPU.ActiveCfg = Release|Any CPU
		{04278E1A-66BA-4B18-84F4-95A2DCE682FC}.Release|Any CPU.Build.0 = Release|Any CPU
	EndGlobalSection
	GlobalSection(SolutionProperties) = preSolution
		HideSolutionNode = FALSE
	EndGlobalSection
	GlobalSection(ExtensibilityGlobals) = postSolution
		SolutionGuid = {2C0F7675-DD33-4BEA-AAB6-8BCE493B8C82}
	EndGlobalSection
EndGlobal
